
Microsoft Visual Studio Solution File, Format Version 12.00
# Visual Studio Version 17
VisualStudioVersion = 17.10.35013.160
MinimumVisualStudioVersion = 10.0.40219.1
Project("{9A19103F-16F7-4668-BE54-9A1E7A4F7556}") = "Demo", "Demo\Demo.csproj", "{F611488C-7237-4962-B8BC-55AAF4F4BB98}"
EndProject
Project("{FAE04EC0-301F-11D3-BF4B-00C04F79EFBC}") = "Assignment", "Assignment\Assignment.csproj", "{8D01A02F-E460-4AC2-8E3C-62856E3E0749}"
EndProject
Global
	GlobalSection(SolutionConfigurationPlatforms) = preSolution
		Debug|Any CPU = Debug|Any CPU
		Release|Any CPU = Release|Any CPU
	EndGlobalSection
	GlobalSection(ProjectConfigurationPlatforms) = postSolution
		{F611488C-7237-4962-B8BC-55AAF4F4BB98}.Debug|Any CPU.ActiveCfg = Debug|Any CPU
		{F611488C-7237-4962-B8BC-55AAF4F4BB98}.Debug|Any CPU.Build.0 = Debug|Any CPU
		{F611488C-7237-4962-B8BC-55AAF4F4BB98}.Release|Any CPU.ActiveCfg = Release|Any CPU
		{F611488C-7237-4962-B8BC-55AAF4F4BB98}.Release|Any CPU.Build.0 = Release|Any CPU
		{8D01A02F-E460-4AC2-8E3C-62856E3E0749}.Debug|Any CPU.ActiveCfg = Debug|Any CPU
		{8D01A02F-E460-4AC2-8E3C-62856E3E0749}.Debug|Any CPU.Build.0 = Debug|Any CPU
		{8D01A02F-E460-4AC2-8E3C-62856E3E0749}.Release|Any CPU.ActiveCfg = Release|Any CPU
		{8D01A02F-E460-4AC2-8E3C-62856E3E0749}.Release|Any CPU.Build.0 = Release|Any CPU
	EndGlobalSection
	GlobalSection(SolutionProperties) = preSolution
		HideSolutionNode = FALSE
	EndGlobalSection
	GlobalSection(ExtensibilityGlobals) = postSolution
		SolutionGuid = {73FB1D53-2973-467C-8F95-6E019CD320F4}
	EndGlobalSection
EndGlobal
